
Microsoft Visual Studio Solution File, Format Version 12.00
# Visual Studio Version 17
VisualStudioVersion = 17.5.002.0
MinimumVisualStudioVersion = 10.0.40219.1
Project("{2150E333-8FDC-42A3-9474-1A3956D46DE8}") = "Curso-1", "Curso-1", "{6F87ABC4-D33F-456F-A97C-4A50517FEA67}"
EndProject
Project("{9A19103F-16F7-4668-BE54-9A1E7A4F7556}") = "abstracao-13", "Curso-1\abstracao-13\abstracao-13.csproj", "{89B4EC9D-A6DB-4266-A617-B162605FE25C}"
EndProject
Project("{9A19103F-16F7-4668-BE54-9A1E7A4F7556}") = "acesso-05", "Curso-1\acesso-05\acesso-05.csproj", "{C5ACC138-8112-4323-B81E-3EB2501CE8AD}"
EndProject
Project("{9A19103F-16F7-4668-BE54-9A1E7A4F7556}") = "conceitos-01", "Curso-1\conceitos-01\conceitos-01.csproj", "{9DE30A70-A5B1-4DBD-8568-2A1009A93EF7}"
EndProject
Project("{9A19103F-16F7-4668-BE54-9A1E7A4F7556}") = "constructor-07", "Curso-1\constructor-07\constructor-07.csproj", "{3C5B6E78-1DAF-472B-AE34-E650B992F6A2}"
EndProject
Project("{9A19103F-16F7-4668-BE54-9A1E7A4F7556}") = "encapsulamento-06", "Curso-1\encapsulamento-06\encapsulamento-06.csproj", "{924088DD-781E-4500-B31D-812763800774}"
EndProject
Project("{9A19103F-16F7-4668-BE54-9A1E7A4F7556}") = "exercicio-escolar-03", "Curso-1\exercicio-escolar-03\exercicio-escolar-03.csproj", "{3C683E08-3C4B-4AF0-A70A-A2A904018AD2}"
EndProject
Project("{9A19103F-16F7-4668-BE54-9A1E7A4F7556}") = "exercicios-IMC-04", "Curso-1\exercicios-IMC-04\exercicios-IMC-04.csproj", "{7E7017BC-46E0-4086-ACC8-B7D11D1D6B99}"
EndProject
Project("{9A19103F-16F7-4668-BE54-9A1E7A4F7556}") = "get-set-08", "Curso-1\get-set-08\get-set-08.csproj", "{41385227-5046-4E6E-A8AE-A8D236346A0F}"
EndProject
Project("{9A19103F-16F7-4668-BE54-9A1E7A4F7556}") = "heranca-10", "Curso-1\heranca-10\heranca-10.csproj", "{9C8A2348-D997-43BB-B85B-9042C4ED4E7A}"
EndProject
Project("{9A19103F-16F7-4668-BE54-9A1E7A4F7556}") = "interface-14", "Curso-1\interface-14\interface-14.csproj", "{CF7DAAC5-CB45-496E-889B-DC20AEE03154}"
EndProject
Project("{9A19103F-16F7-4668-BE54-9A1E7A4F7556}") = "metodos-estaticos-12", "Curso-1\metodos-estaticos-12\metodos-estaticos-12.csproj", "{92FD6361-33CD-4DB6-9494-A837D88953AF}"
EndProject
Project("{9A19103F-16F7-4668-BE54-9A1E7A4F7556}") = "polimorfismo-11", "Curso-1\polimorfismo-11\polimorfismo-11.csproj", "{BB90DE9A-2FAC-46F5-86B4-18D0F8DEE18B}"
EndProject
Global
	GlobalSection(SolutionConfigurationPlatforms) = preSolution
		Debug|Any CPU = Debug|Any CPU
		Release|Any CPU = Release|Any CPU
	EndGlobalSection
	GlobalSection(ProjectConfigurationPlatforms) = postSolution
		{89B4EC9D-A6DB-4266-A617-B162605FE25C}.Debug|Any CPU.ActiveCfg = Debug|Any CPU
		{89B4EC9D-A6DB-4266-A617-B162605FE25C}.Debug|Any CPU.Build.0 = Debug|Any CPU
		{89B4EC9D-A6DB-4266-A617-B162605FE25C}.Release|Any CPU.ActiveCfg = Release|Any CPU
		{89B4EC9D-A6DB-4266-A617-B162605FE25C}.Release|Any CPU.Build.0 = Release|Any CPU
		{C5ACC138-8112-4323-B81E-3EB2501CE8AD}.Debug|Any CPU.ActiveCfg = Debug|Any CPU
		{C5ACC138-8112-4323-B81E-3EB2501CE8AD}.Debug|Any CPU.Build.0 = Debug|Any CPU
		{C5ACC138-8112-4323-B81E-3EB2501CE8AD}.Release|Any CPU.ActiveCfg = Release|Any CPU
		{C5ACC138-8112-4323-B81E-3EB2501CE8AD}.Release|Any CPU.Build.0 = Release|Any CPU
		{9DE30A70-A5B1-4DBD-8568-2A1009A93EF7}.Debug|Any CPU.ActiveCfg = Debug|Any CPU
		{9DE30A70-A5B1-4DBD-8568-2A1009A93EF7}.Debug|Any CPU.Build.0 = Debug|Any CPU
		{9DE30A70-A5B1-4DBD-8568-2A1009A93EF7}.Release|Any CPU.ActiveCfg = Release|Any CPU
		{9DE30A70-A5B1-4DBD-8568-2A1009A93EF7}.Release|Any CPU.Build.0 = Release|Any CPU
		{3C5B6E78-1DAF-472B-AE34-E650B992F6A2}.Debug|Any CPU.ActiveCfg = Debug|Any CPU
		{3C5B6E78-1DAF-472B-AE34-E650B992F6A2}.Debug|Any CPU.Build.0 = Debug|Any CPU
		{3C5B6E78-1DAF-472B-AE34-E650B992F6A2}.Release|Any CPU.ActiveCfg = Release|Any CPU
		{3C5B6E78-1DAF-472B-AE34-E650B992F6A2}.Release|Any CPU.Build.0 = Release|Any CPU
		{924088DD-781E-4500-B31D-812763800774}.Debug|Any CPU.ActiveCfg = Debug|Any CPU
		{924088DD-781E-4500-B31D-812763800774}.Debug|Any CPU.Build.0 = Debug|Any CPU
		{924088DD-781E-4500-B31D-812763800774}.Release|Any CPU.ActiveCfg = Release|Any CPU
		{924088DD-781E-4500-B31D-812763800774}.Release|Any CPU.Build.0 = Release|Any CPU
		{3C683E08-3C4B-4AF0-A70A-A2A904018AD2}.Debug|Any CPU.ActiveCfg = Debug|Any CPU
		{3C683E08-3C4B-4AF0-A70A-A2A904018AD2}.Debug|Any CPU.Build.0 = Debug|Any CPU
		{3C683E08-3C4B-4AF0-A70A-A2A904018AD2}.Release|Any CPU.ActiveCfg = Release|Any CPU
		{3C683E08-3C4B-4AF0-A70A-A2A904018AD2}.Release|Any CPU.Build.0 = Release|Any CPU
		{7E7017BC-46E0-4086-ACC8-B7D11D1D6B99}.Debug|Any CPU.ActiveCfg = Debug|Any CPU
		{7E7017BC-46E0-4086-ACC8-B7D11D1D6B99}.Debug|Any CPU.Build.0 = Debug|Any CPU
		{7E7017BC-46E0-4086-ACC8-B7D11D1D6B99}.Release|Any CPU.ActiveCfg = Release|Any CPU
		{7E7017BC-46E0-4086-ACC8-B7D11D1D6B99}.Release|Any CPU.Build.0 = Release|Any CPU
		{41385227-5046-4E6E-A8AE-A8D236346A0F}.Debug|Any CPU.ActiveCfg = Debug|Any CPU
		{41385227-5046-4E6E-A8AE-A8D236346A0F}.Debug|Any CPU.Build.0 = Debug|Any CPU
		{41385227-5046-4E6E-A8AE-A8D236346A0F}.Release|Any CPU.ActiveCfg = Release|Any CPU
		{41385227-5046-4E6E-A8AE-A8D236346A0F}.Release|Any CPU.Build.0 = Release|Any CPU
		{9C8A2348-D997-43BB-B85B-9042C4ED4E7A}.Debug|Any CPU.ActiveCfg = Debug|Any CPU
		{9C8A2348-D997-43BB-B85B-9042C4ED4E7A}.Debug|Any CPU.Build.0 = Debug|Any CPU
		{9C8A2348-D997-43BB-B85B-9042C4ED4E7A}.Release|Any CPU.ActiveCfg = Release|Any CPU
		{9C8A2348-D997-43BB-B85B-9042C4ED4E7A}.Release|Any CPU.Build.0 = Release|Any CPU
		{CF7DAAC5-CB45-496E-889B-DC20AEE03154}.Debug|Any CPU.ActiveCfg = Debug|Any CPU
		{CF7DAAC5-CB45-496E-889B-DC20AEE03154}.Debug|Any CPU.Build.0 = Debug|Any CPU
		{CF7DAAC5-CB45-496E-889B-DC20AEE03154}.Release|Any CPU.ActiveCfg = Release|Any CPU
		{CF7DAAC5-CB45-496E-889B-DC20AEE03154}.Release|Any CPU.Build.0 = Release|Any CPU
		{92FD6361-33CD-4DB6-9494-A837D88953AF}.Debug|Any CPU.ActiveCfg = Debug|Any CPU
		{92FD6361-33CD-4DB6-9494-A837D88953AF}.Debug|Any CPU.Build.0 = Debug|Any CPU
		{92FD6361-33CD-4DB6-9494-A837D88953AF}.Release|Any CPU.ActiveCfg = Release|Any CPU
		{92FD6361-33CD-4DB6-9494-A837D88953AF}.Release|Any CPU.Build.0 = Release|Any CPU
		{BB90DE9A-2FAC-46F5-86B4-18D0F8DEE18B}.Debug|Any CPU.ActiveCfg = Debug|Any CPU
		{BB90DE9A-2FAC-46F5-86B4-18D0F8DEE18B}.Debug|Any CPU.Build.0 = Debug|Any CPU
		{BB90DE9A-2FAC-46F5-86B4-18D0F8DEE18B}.Release|Any CPU.ActiveCfg = Release|Any CPU
		{BB90DE9A-2FAC-46F5-86B4-18D0F8DEE18B}.Release|Any CPU.Build.0 = Release|Any CPU
	EndGlobalSection
	GlobalSection(SolutionProperties) = preSolution
		HideSolutionNode = FALSE
	EndGlobalSection
	GlobalSection(NestedProjects) = preSolution
		{89B4EC9D-A6DB-4266-A617-B162605FE25C} = {6F87ABC4-D33F-456F-A97C-4A50517FEA67}
		{C5ACC138-8112-4323-B81E-3EB2501CE8AD} = {6F87ABC4-D33F-456F-A97C-4A50517FEA67}
		{9DE30A70-A5B1-4DBD-8568-2A1009A93EF7} = {6F87ABC4-D33F-456F-A97C-4A50517FEA67}
		{3C5B6E78-1DAF-472B-AE34-E650B992F6A2} = {6F87ABC4-D33F-456F-A97C-4A50517FEA67}
		{924088DD-781E-4500-B31D-812763800774} = {6F87ABC4-D33F-456F-A97C-4A50517FEA67}
		{3C683E08-3C4B-4AF0-A70A-A2A904018AD2} = {6F87ABC4-D33F-456F-A97C-4A50517FEA67}
		{7E7017BC-46E0-4086-ACC8-B7D11D1D6B99} = {6F87ABC4-D33F-456F-A97C-4A50517FEA67}
		{41385227-5046-4E6E-A8AE-A8D236346A0F} = {6F87ABC4-D33F-456F-A97C-4A50517FEA67}
		{9C8A2348-D997-43BB-B85B-9042C4ED4E7A} = {6F87ABC4-D33F-456F-A97C-4A50517FEA67}
		{CF7DAAC5-CB45-496E-889B-DC20AEE03154} = {6F87ABC4-D33F-456F-A97C-4A50517FEA67}
		{92FD6361-33CD-4DB6-9494-A837D88953AF} = {6F87ABC4-D33F-456F-A97C-4A50517FEA67}
		{BB90DE9A-2FAC-46F5-86B4-18D0F8DEE18B} = {6F87ABC4-D33F-456F-A97C-4A50517FEA67}
	EndGlobalSection
	GlobalSection(ExtensibilityGlobals) = postSolution
		SolutionGuid = {64254763-1B43-4637-9608-6798CBF9002A}
	EndGlobalSection
EndGlobal
