
Microsoft Visual Studio Solution File, Format Version 12.00
# Visual Studio Version 17
VisualStudioVersion = 17.5.002.0
MinimumVisualStudioVersion = 10.0.40219.1
Project("{2150E333-8FDC-42A3-9474-1A3956D46DE8}") = "Curso-1", "Curso-1", "{D7976CA6-AE94-400F-8911-F0BC43159B7B}"
EndProject
Project("{9A19103F-16F7-4668-BE54-9A1E7A4F7556}") = "abstracao-13", "Curso-1\abstracao-13\abstracao-13.csproj", "{86B5B222-F107-4400-B384-5C03CC0F9DC6}"
EndProject
Project("{9A19103F-16F7-4668-BE54-9A1E7A4F7556}") = "acesso-05", "Curso-1\acesso-05\acesso-05.csproj", "{667B5A6C-DBCD-4ADF-8ECC-C07F2F61A8A6}"
EndProject
Project("{9A19103F-16F7-4668-BE54-9A1E7A4F7556}") = "conceitos-01", "Curso-1\conceitos-01\conceitos-01.csproj", "{EE1EF8DA-48BF-48BC-8ECB-DF3CCE06CD23}"
EndProject
Project("{9A19103F-16F7-4668-BE54-9A1E7A4F7556}") = "constructor-07", "Curso-1\constructor-07\constructor-07.csproj", "{24C8D8F3-C441-41FC-903F-17B7D6B9F182}"
EndProject
Project("{9A19103F-16F7-4668-BE54-9A1E7A4F7556}") = "encapsulamento-06", "Curso-1\encapsulamento-06\encapsulamento-06.csproj", "{03564209-EB5F-44E0-B002-16BC2ED963B7}"
EndProject
Project("{9A19103F-16F7-4668-BE54-9A1E7A4F7556}") = "exercicio-escolar-03", "Curso-1\exercicio-escolar-03\exercicio-escolar-03.csproj", "{CE7FD901-4021-4831-A1E6-CB62E7D76FB5}"
EndProject
Project("{9A19103F-16F7-4668-BE54-9A1E7A4F7556}") = "exercicios-IMC-04", "Curso-1\exercicios-IMC-04\exercicios-IMC-04.csproj", "{005F921E-E1B5-40F4-BF61-0A989EFB9ECC}"
EndProject
Project("{9A19103F-16F7-4668-BE54-9A1E7A4F7556}") = "get-set-08", "Curso-1\get-set-08\get-set-08.csproj", "{B0F7F916-F626-4949-B8DD-9C906DBB26FE}"
EndProject
Project("{9A19103F-16F7-4668-BE54-9A1E7A4F7556}") = "heranca-10", "Curso-1\heranca-10\heranca-10.csproj", "{104DFDB5-2DCE-460F-B918-2805C6A3541F}"
EndProject
Project("{9A19103F-16F7-4668-BE54-9A1E7A4F7556}") = "interface-14", "Curso-1\interface-14\interface-14.csproj", "{7C788355-25E9-47C4-A877-DAD68F129288}"
EndProject
Project("{9A19103F-16F7-4668-BE54-9A1E7A4F7556}") = "metodos-estaticos-12", "Curso-1\metodos-estaticos-12\metodos-estaticos-12.csproj", "{10C4B00D-C2C9-4B00-94BB-04D1C10B3E5A}"
EndProject
Project("{9A19103F-16F7-4668-BE54-9A1E7A4F7556}") = "polimorfismo-11", "Curso-1\polimorfismo-11\polimorfismo-11.csproj", "{F54EB281-40EE-46A2-9908-E80AE9A0C8D5}"
EndProject
Global
	GlobalSection(SolutionConfigurationPlatforms) = preSolution
		Debug|Any CPU = Debug|Any CPU
		Release|Any CPU = Release|Any CPU
	EndGlobalSection
	GlobalSection(ProjectConfigurationPlatforms) = postSolution
		{86B5B222-F107-4400-B384-5C03CC0F9DC6}.Debug|Any CPU.ActiveCfg = Debug|Any CPU
		{86B5B222-F107-4400-B384-5C03CC0F9DC6}.Debug|Any CPU.Build.0 = Debug|Any CPU
		{86B5B222-F107-4400-B384-5C03CC0F9DC6}.Release|Any CPU.ActiveCfg = Release|Any CPU
		{86B5B222-F107-4400-B384-5C03CC0F9DC6}.Release|Any CPU.Build.0 = Release|Any CPU
		{667B5A6C-DBCD-4ADF-8ECC-C07F2F61A8A6}.Debug|Any CPU.ActiveCfg = Debug|Any CPU
		{667B5A6C-DBCD-4ADF-8ECC-C07F2F61A8A6}.Debug|Any CPU.Build.0 = Debug|Any CPU
		{667B5A6C-DBCD-4ADF-8ECC-C07F2F61A8A6}.Release|Any CPU.ActiveCfg = Release|Any CPU
		{667B5A6C-DBCD-4ADF-8ECC-C07F2F61A8A6}.Release|Any CPU.Build.0 = Release|Any CPU
		{EE1EF8DA-48BF-48BC-8ECB-DF3CCE06CD23}.Debug|Any CPU.ActiveCfg = Debug|Any CPU
		{EE1EF8DA-48BF-48BC-8ECB-DF3CCE06CD23}.Debug|Any CPU.Build.0 = Debug|Any CPU
		{EE1EF8DA-48BF-48BC-8ECB-DF3CCE06CD23}.Release|Any CPU.ActiveCfg = Release|Any CPU
		{EE1EF8DA-48BF-48BC-8ECB-DF3CCE06CD23}.Release|Any CPU.Build.0 = Release|Any CPU
		{24C8D8F3-C441-41FC-903F-17B7D6B9F182}.Debug|Any CPU.ActiveCfg = Debug|Any CPU
		{24C8D8F3-C441-41FC-903F-17B7D6B9F182}.Debug|Any CPU.Build.0 = Debug|Any CPU
		{24C8D8F3-C441-41FC-903F-17B7D6B9F182}.Release|Any CPU.ActiveCfg = Release|Any CPU
		{24C8D8F3-C441-41FC-903F-17B7D6B9F182}.Release|Any CPU.Build.0 = Release|Any CPU
		{03564209-EB5F-44E0-B002-16BC2ED963B7}.Debug|Any CPU.ActiveCfg = Debug|Any CPU
		{03564209-EB5F-44E0-B002-16BC2ED963B7}.Debug|Any CPU.Build.0 = Debug|Any CPU
		{03564209-EB5F-44E0-B002-16BC2ED963B7}.Release|Any CPU.ActiveCfg = Release|Any CPU
		{03564209-EB5F-44E0-B002-16BC2ED963B7}.Release|Any CPU.Build.0 = Release|Any CPU
		{CE7FD901-4021-4831-A1E6-CB62E7D76FB5}.Debug|Any CPU.ActiveCfg = Debug|Any CPU
		{CE7FD901-4021-4831-A1E6-CB62E7D76FB5}.Debug|Any CPU.Build.0 = Debug|Any CPU
		{CE7FD901-4021-4831-A1E6-CB62E7D76FB5}.Release|Any CPU.ActiveCfg = Release|Any CPU
		{CE7FD901-4021-4831-A1E6-CB62E7D76FB5}.Release|Any CPU.Build.0 = Release|Any CPU
		{005F921E-E1B5-40F4-BF61-0A989EFB9ECC}.Debug|Any CPU.ActiveCfg = Debug|Any CPU
		{005F921E-E1B5-40F4-BF61-0A989EFB9ECC}.Debug|Any CPU.Build.0 = Debug|Any CPU
		{005F921E-E1B5-40F4-BF61-0A989EFB9ECC}.Release|Any CPU.ActiveCfg = Release|Any CPU
		{005F921E-E1B5-40F4-BF61-0A989EFB9ECC}.Release|Any CPU.Build.0 = Release|Any CPU
		{B0F7F916-F626-4949-B8DD-9C906DBB26FE}.Debug|Any CPU.ActiveCfg = Debug|Any CPU
		{B0F7F916-F626-4949-B8DD-9C906DBB26FE}.Debug|Any CPU.Build.0 = Debug|Any CPU
		{B0F7F916-F626-4949-B8DD-9C906DBB26FE}.Release|Any CPU.ActiveCfg = Release|Any CPU
		{B0F7F916-F626-4949-B8DD-9C906DBB26FE}.Release|Any CPU.Build.0 = Release|Any CPU
		{104DFDB5-2DCE-460F-B918-2805C6A3541F}.Debug|Any CPU.ActiveCfg = Debug|Any CPU
		{104DFDB5-2DCE-460F-B918-2805C6A3541F}.Debug|Any CPU.Build.0 = Debug|Any CPU
		{104DFDB5-2DCE-460F-B918-2805C6A3541F}.Release|Any CPU.ActiveCfg = Release|Any CPU
		{104DFDB5-2DCE-460F-B918-2805C6A3541F}.Release|Any CPU.Build.0 = Release|Any CPU
		{7C788355-25E9-47C4-A877-DAD68F129288}.Debug|Any CPU.ActiveCfg = Debug|Any CPU
		{7C788355-25E9-47C4-A877-DAD68F129288}.Debug|Any CPU.Build.0 = Debug|Any CPU
		{7C788355-25E9-47C4-A877-DAD68F129288}.Release|Any CPU.ActiveCfg = Release|Any CPU
		{7C788355-25E9-47C4-A877-DAD68F129288}.Release|Any CPU.Build.0 = Release|Any CPU
		{10C4B00D-C2C9-4B00-94BB-04D1C10B3E5A}.Debug|Any CPU.ActiveCfg = Debug|Any CPU
		{10C4B00D-C2C9-4B00-94BB-04D1C10B3E5A}.Debug|Any CPU.Build.0 = Debug|Any CPU
		{10C4B00D-C2C9-4B00-94BB-04D1C10B3E5A}.Release|Any CPU.ActiveCfg = Release|Any CPU
		{10C4B00D-C2C9-4B00-94BB-04D1C10B3E5A}.Release|Any CPU.Build.0 = Release|Any CPU
		{F54EB281-40EE-46A2-9908-E80AE9A0C8D5}.Debug|Any CPU.ActiveCfg = Debug|Any CPU
		{F54EB281-40EE-46A2-9908-E80AE9A0C8D5}.Debug|Any CPU.Build.0 = Debug|Any CPU
		{F54EB281-40EE-46A2-9908-E80AE9A0C8D5}.Release|Any CPU.ActiveCfg = Release|Any CPU
		{F54EB281-40EE-46A2-9908-E80AE9A0C8D5}.Release|Any CPU.Build.0 = Release|Any CPU
	EndGlobalSection
	GlobalSection(SolutionProperties) = preSolution
		HideSolutionNode = FALSE
	EndGlobalSection
	GlobalSection(NestedProjects) = preSolution
		{86B5B222-F107-4400-B384-5C03CC0F9DC6} = {D7976CA6-AE94-400F-8911-F0BC43159B7B}
		{667B5A6C-DBCD-4ADF-8ECC-C07F2F61A8A6} = {D7976CA6-AE94-400F-8911-F0BC43159B7B}
		{EE1EF8DA-48BF-48BC-8ECB-DF3CCE06CD23} = {D7976CA6-AE94-400F-8911-F0BC43159B7B}
		{24C8D8F3-C441-41FC-903F-17B7D6B9F182} = {D7976CA6-AE94-400F-8911-F0BC43159B7B}
		{03564209-EB5F-44E0-B002-16BC2ED963B7} = {D7976CA6-AE94-400F-8911-F0BC43159B7B}
		{CE7FD901-4021-4831-A1E6-CB62E7D76FB5} = {D7976CA6-AE94-400F-8911-F0BC43159B7B}
		{005F921E-E1B5-40F4-BF61-0A989EFB9ECC} = {D7976CA6-AE94-400F-8911-F0BC43159B7B}
		{B0F7F916-F626-4949-B8DD-9C906DBB26FE} = {D7976CA6-AE94-400F-8911-F0BC43159B7B}
		{104DFDB5-2DCE-460F-B918-2805C6A3541F} = {D7976CA6-AE94-400F-8911-F0BC43159B7B}
		{7C788355-25E9-47C4-A877-DAD68F129288} = {D7976CA6-AE94-400F-8911-F0BC43159B7B}
		{10C4B00D-C2C9-4B00-94BB-04D1C10B3E5A} = {D7976CA6-AE94-400F-8911-F0BC43159B7B}
		{F54EB281-40EE-46A2-9908-E80AE9A0C8D5} = {D7976CA6-AE94-400F-8911-F0BC43159B7B}
	EndGlobalSection
	GlobalSection(ExtensibilityGlobals) = postSolution
		SolutionGuid = {B3BCAD58-59C8-4659-86B4-CC24896664B0}
	EndGlobalSection
EndGlobal
