
Microsoft Visual Studio Solution File, Format Version 12.00
# Visual Studio Version 17
VisualStudioVersion = 17.9.34728.123
MinimumVisualStudioVersion = 10.0.40219.1
Project("{FAE04EC0-301F-11D3-BF4B-00C04F79EFBC}") = "abstracao-encapsulamento", "abstracao-encapsulamento.csproj", "{26B4E9F6-C76A-4AAF-A8B4-1ED320C9E540}"
EndProject
Global
	GlobalSection(SolutionConfigurationPlatforms) = preSolution
		Debug|Any CPU = Debug|Any CPU
		Release|Any CPU = Release|Any CPU
	EndGlobalSection
	GlobalSection(ProjectConfigurationPlatforms) = postSolution
		{26B4E9F6-C76A-4AAF-A8B4-1ED320C9E540}.Debug|Any CPU.ActiveCfg = Debug|Any CPU
		{26B4E9F6-C76A-4AAF-A8B4-1ED320C9E540}.Debug|Any CPU.Build.0 = Debug|Any CPU
		{26B4E9F6-C76A-4AAF-A8B4-1ED320C9E540}.Release|Any CPU.ActiveCfg = Release|Any CPU
		{26B4E9F6-C76A-4AAF-A8B4-1ED320C9E540}.Release|Any CPU.Build.0 = Release|Any CPU
	EndGlobalSection
	GlobalSection(SolutionProperties) = preSolution
		HideSolutionNode = FALSE
	EndGlobalSection
	GlobalSection(ExtensibilityGlobals) = postSolution
		SolutionGuid = {BBECF01D-BF5B-4EBF-BCD6-919BCC7C6C81}
	EndGlobalSection
EndGlobal
